schema: '2.0'
stages:
  data_ingestion:
    cmd: python src/cnnClassifier/pipeline/stage_01_data_ingestion.py
    deps:
    - path: config/config.yaml
      hash: md5
      md5: 9a1ad71c6c59b4208f1f50f34869d405
      size: 787
    - path: src/cnnClassifier/pipeline/stage_01_data_ingestion.py
      hash: md5
      md5: e052d0146525b1645a80b69a31c4c538
      size: 888
    outs:
    - path: artifacts/data_ingestion/Chicken-fecal-images
      hash: md5
      md5: 9e1f8dd2eae3c29e9d635df89d438ae4.dir
      size: 12207807
      nfiles: 390
  prepare_base_model:
    cmd: python src/cnnClassifier/pipeline/stage02_prepare_base_model.py
    deps:
    - path: config/config.yaml
      hash: md5
      md5: 9a1ad71c6c59b4208f1f50f34869d405
      size: 787
    - path: src/cnnClassifier/pipeline/stage02_prepare_base_model.py
      hash: md5
      md5: 3b210fe39030131d103a81163c3e3038
      size: 966
    params:
      params.yaml:
        CLASSES: 2
        IMAGE_SIZE:
        - 224
        - 224
        - 3
        INCLUDE_TOP: false
        LEARNING_RATE: 0.01
        WEIGHTS: imagenet
    outs:
    - path: artifacts/prepare_base_model
      hash: md5
      md5: 7d9ac3b8d2c8fee81e3eafd375fe9424.dir
      size: 118059248
      nfiles: 2
  training:
    cmd: python src/cnnClassifier/pipeline/stage_03_training.py
    deps:
    - path: artifacts/data_ingestion/Chicken-fecal-images
      hash: md5
      md5: 9e1f8dd2eae3c29e9d635df89d438ae4.dir
      size: 12207807
      nfiles: 390
    - path: artifacts/prepare_base_model
      hash: md5
      md5: 7d9ac3b8d2c8fee81e3eafd375fe9424.dir
      size: 118059248
      nfiles: 2
    - path: config/config.yaml
      hash: md5
      md5: 9a1ad71c6c59b4208f1f50f34869d405
      size: 787
    - path: src/cnnClassifier/components/prepare_callbacks.py
      hash: md5
      md5: 183f8bf602954ebff4a3879ae9e2d509
      size: 981
    - path: src/cnnClassifier/pipeline/stage_03_training.py
      hash: md5
      md5: 109dc77779f46c45d11f615e579fa88b
      size: 1231
    params:
      params.yaml:
        AUGMENTATION: true
        BATCH_SIZE: 16
        EPOCHS: 1
        IMAGE_SIZE:
        - 224
        - 224
        - 3
    outs:
    - path: artifacts/training/model.h5
      hash: md5
      md5: 73e81e6c43b519063d58a4ee15eab4a8
      size: 59340720
  evaluation:
    cmd: python src/cnnClassifier/pipeline/stage_04_evaluation.py
    deps:
    - path: artifacts/data_ingestion/Chicken-fecal-images
      hash: md5
      md5: 9e1f8dd2eae3c29e9d635df89d438ae4.dir
      size: 12207807
      nfiles: 390
    - path: artifacts/training/model.h5
      hash: md5
      md5: 73e81e6c43b519063d58a4ee15eab4a8
      size: 59340720
    - path: config/config.yaml
      hash: md5
      md5: 9a1ad71c6c59b4208f1f50f34869d405
      size: 787
    - path: src/cnnClassifier/pipeline/stage_04_evaluation.py
      hash: md5
      md5: 742e23c8d4d46f97cf0db13a7ab69f76
      size: 850
    params:
      params.yaml:
        BATCH_SIZE: 16
        IMAGE_SIZE:
        - 224
        - 224
        - 3
    outs:
    - path: scores.json
      hash: md5
      md5: aaef42fa233c51f2917379e6f27e9395
      size: 55
